// !$*UTF8*$!
{
	archiveVersion = 1;
	classes = {
	};
	objectVersion = 50;
	objects = {

/* Begin PBXBuildFile section */
		3B4791D122057B7100AAF8E9 /* AppDelegate.swift in Sources */ = {isa = PBXBuildFile; fileRef = 3B4791D022057B7100AAF8E9 /* AppDelegate.swift */; };
		3B4791D322057B7100AAF8E9 /* ViewController.swift in Sources */ = {isa = PBXBuildFile; fileRef = 3B4791D222057B7100AAF8E9 /* ViewController.swift */; };
		3B4791D622057B7100AAF8E9 /* Main.storyboard in Resources */ = {isa = PBXBuildFile; fileRef = 3B4791D422057B7100AAF8E9 /* Main.storyboard */; };
		3B4791D822057B7100AAF8E9 /* Assets.xcassets in Resources */ = {isa = PBXBuildFile; fileRef = 3B4791D722057B7100AAF8E9 /* Assets.xcassets */; };
		3B4791DB22057B7100AAF8E9 /* LaunchScreen.storyboard in Resources */ = {isa = PBXBuildFile; fileRef = 3B4791D922057B7100AAF8E9 /* LaunchScreen.storyboard */; };
		3B4791E32205840100AAF8E9 /* GithubUserTVCell.swift in Sources */ = {isa = PBXBuildFile; fileRef = 3B4791E22205840100AAF8E9 /* GithubUserTVCell.swift */; };
		3B4791E5220585AC00AAF8E9 /* GetService.swift in Sources */ = {isa = PBXBuildFile; fileRef = 3B4791E4220585AC00AAF8E9 /* GetService.swift */; };
		3B4791E92205865700AAF8E9 /* UserSearchVO.swift in Sources */ = {isa = PBXBuildFile; fileRef = 3B4791E82205865700AAF8E9 /* UserSearchVO.swift */; };
		3B4791EB22058F1B00AAF8E9 /* Extensions.swift in Sources */ = {isa = PBXBuildFile; fileRef = 3B4791EA22058F1B00AAF8E9 /* Extensions.swift */; };
		3B4791ED22058FC800AAF8E9 /* GithubSearchService.swift in Sources */ = {isa = PBXBuildFile; fileRef = 3B4791EC22058FC800AAF8E9 /* GithubSearchService.swift */; };
		3B4791EF2205FAA300AAF8E9 /* NetworkResult.swift in Sources */ = {isa = PBXBuildFile; fileRef = 3B4791EE2205FAA300AAF8E9 /* NetworkResult.swift */; };
		3B4791F32206000800AAF8E9 /* APIUrl.swift in Sources */ = {isa = PBXBuildFile; fileRef = 3B4791F22206000800AAF8E9 /* APIUrl.swift */; };
		3B4791F52206004200AAF8E9 /* APIKey.swift in Sources */ = {isa = PBXBuildFile; fileRef = 3B4791F42206004200AAF8E9 /* APIKey.swift */; };
		3B4792002208397200AAF8E9 /* GetUserDetailService.swift in Sources */ = {isa = PBXBuildFile; fileRef = 3B4791FF2208397200AAF8E9 /* GetUserDetailService.swift */; };
		3B56F3BB22159FA900ADFC75 /* CellTypeCast.swift in Sources */ = {isa = PBXBuildFile; fileRef = 3B56F3BA22159FA900ADFC75 /* CellTypeCast.swift */; };
		940B2A8D2AAFA02D21CACCA6 /* Pods_GithubSearch.framework in Frameworks */ = {isa = PBXBuildFile; fileRef = 3CD93DB64EC42805DDF94961 /* Pods_GithubSearch.framework */; };
/* End PBXBuildFile section */

/* Begin PBXFileReference section */
		3B4791CD22057B7100AAF8E9 /* GithubSearch.app */ = {isa = PBXFileReference; explicitFileType = wrapper.application; includeInIndex = 0; path = GithubSearch.app; sourceTree = BUILT_PRODUCTS_DIR; };
		3B4791D022057B7100AAF8E9 /* AppDelegate.swift */ = {isa = PBXFileReference; lastKnownFileType = sourcecode.swift; path = AppDelegate.swift; sourceTree = "<group>"; };
		3B4791D222057B7100AAF8E9 /* ViewController.swift */ = {isa = PBXFileReference; lastKnownFileType = sourcecode.swift; path = ViewController.swift; sourceTree = "<group>"; };
		3B4791D522057B7100AAF8E9 /* Base */ = {isa = PBXFileReference; lastKnownFileType = file.storyboard; name = Base; path = Base.lproj/Main.storyboard; sourceTree = "<group>"; };
		3B4791D722057B7100AAF8E9 /* Assets.xcassets */ = {isa = PBXFileReference; lastKnownFileType = folder.assetcatalog; path = Assets.xcassets; sourceTree = "<group>"; };
		3B4791DA22057B7100AAF8E9 /* Base */ = {isa = PBXFileReference; lastKnownFileType = file.storyboard; name = Base; path = Base.lproj/LaunchScreen.storyboard; sourceTree = "<group>"; };
		3B4791DC22057B7100AAF8E9 /* Info.plist */ = {isa = PBXFileReference; lastKnownFileType = text.plist.xml; path = Info.plist; sourceTree = "<group>"; };
		3B4791E22205840100AAF8E9 /* GithubUserTVCell.swift */ = {isa = PBXFileReference; lastKnownFileType = sourcecode.swift; path = GithubUserTVCell.swift; sourceTree = "<group>"; };
		3B4791E4220585AC00AAF8E9 /* GetService.swift */ = {isa = PBXFileReference; lastKnownFileType = sourcecode.swift; path = GetService.swift; sourceTree = "<group>"; };
		3B4791E82205865700AAF8E9 /* UserSearchVO.swift */ = {isa = PBXFileReference; lastKnownFileType = sourcecode.swift; path = UserSearchVO.swift; sourceTree = "<group>"; };
		3B4791EA22058F1B00AAF8E9 /* Extensions.swift */ = {isa = PBXFileReference; lastKnownFileType = sourcecode.swift; path = Extensions.swift; sourceTree = "<group>"; };
		3B4791EC22058FC800AAF8E9 /* GithubSearchService.swift */ = {isa = PBXFileReference; lastKnownFileType = sourcecode.swift; path = GithubSearchService.swift; sourceTree = "<group>"; };
		3B4791EE2205FAA300AAF8E9 /* NetworkResult.swift */ = {isa = PBXFileReference; lastKnownFileType = sourcecode.swift; path = NetworkResult.swift; sourceTree = "<group>"; };
		3B4791F22206000800AAF8E9 /* APIUrl.swift */ = {isa = PBXFileReference; lastKnownFileType = sourcecode.swift; path = APIUrl.swift; sourceTree = "<group>"; };
		3B4791F42206004200AAF8E9 /* APIKey.swift */ = {isa = PBXFileReference; lastKnownFileType = sourcecode.swift; path = APIKey.swift; sourceTree = "<group>"; };
		3B4791FF2208397200AAF8E9 /* GetUserDetailService.swift */ = {isa = PBXFileReference; lastKnownFileType = sourcecode.swift; path = GetUserDetailService.swift; sourceTree = "<group>"; };
		3B56F3BA22159FA900ADFC75 /* CellTypeCast.swift */ = {isa = PBXFileReference; lastKnownFileType = sourcecode.swift; path = CellTypeCast.swift; sourceTree = "<group>"; };
		3CD93DB64EC42805DDF94961 /* Pods_GithubSearch.framework */ = {isa = PBXFileReference; explicitFileType = wrapper.framework; includeInIndex = 0; path = Pods_GithubSearch.framework; sourceTree = BUILT_PRODUCTS_DIR; };
		CF9335664AF6C8EBCCFC1BC6 /* Pods-GithubSearch.debug.xcconfig */ = {isa = PBXFileReference; includeInIndex = 1; lastKnownFileType = text.xcconfig; name = "Pods-GithubSearch.debug.xcconfig"; path = "Pods/Target Support Files/Pods-GithubSearch/Pods-GithubSearch.debug.xcconfig"; sourceTree = "<group>"; };
		F8D7E7BA419BA3753F7A3900 /* Pods-GithubSearch.release.xcconfig */ = {isa = PBXFileReference; includeInIndex = 1; lastKnownFileType = text.xcconfig; name = "Pods-GithubSearch.release.xcconfig"; path = "Pods/Target Support Files/Pods-GithubSearch/Pods-GithubSearch.release.xcconfig"; sourceTree = "<group>"; };
/* End PBXFileReference section */

/* Begin PBXFrameworksBuildPhase section */
		3B4791CA22057B7100AAF8E9 /* Frameworks */ = {
			isa = PBXFrameworksBuildPhase;
			buildActionMask = 2147483647;
			files = (
				940B2A8D2AAFA02D21CACCA6 /* Pods_GithubSearch.framework in Frameworks */,
			);
			runOnlyForDeploymentPostprocessing = 0;
		};
/* End PBXFrameworksBuildPhase section */

/* Begin PBXGroup section */
		3B4791C422057B7100AAF8E9 = {
			isa = PBXGroup;
			children = (
				3B4791CF22057B7100AAF8E9 /* GithubSearch */,
				3B4791CE22057B7100AAF8E9 /* Products */,
				BA15E186E98868C62C447868 /* Pods */,
				90DB03FA33485D06CD3DAA8E /* Frameworks */,
			);
			sourceTree = "<group>";
		};
		3B4791CE22057B7100AAF8E9 /* Products */ = {
			isa = PBXGroup;
			children = (
				3B4791CD22057B7100AAF8E9 /* GithubSearch.app */,
			);
			name = Products;
			sourceTree = "<group>";
		};
		3B4791CF22057B7100AAF8E9 /* GithubSearch */ = {
			isa = PBXGroup;
			children = (
				3B4791D022057B7100AAF8E9 /* AppDelegate.swift */,
				3B4791DC22057B7100AAF8E9 /* Info.plist */,
				3B4791F82206023000AAF8E9 /* Storyboard */,
				3B4791F72206022300AAF8E9 /* ViewController */,
				3B4791FC2206035000AAF8E9 /* View */,
				3B4791F62206022200AAF8E9 /* Models */,
				3B4791F92206023B00AAF8E9 /* Service */,
				3B4791FD2206036700AAF8E9 /* Util */,
				3B4791FB220602FE00AAF8E9 /* Resource */,
			);
			path = GithubSearch;
			sourceTree = "<group>";
		};
		3B4791F62206022200AAF8E9 /* Models */ = {
			isa = PBXGroup;
			children = (
				3B4791E82205865700AAF8E9 /* UserSearchVO.swift */,
			);
			path = Models;
			sourceTree = "<group>";
		};
		3B4791F72206022300AAF8E9 /* ViewController */ = {
			isa = PBXGroup;
			children = (
				3B4791D222057B7100AAF8E9 /* ViewController.swift */,
			);
			path = ViewController;
			sourceTree = "<group>";
		};
		3B4791F82206023000AAF8E9 /* Storyboard */ = {
			isa = PBXGroup;
			children = (
				3B4791D422057B7100AAF8E9 /* Main.storyboard */,
				3B4791D922057B7100AAF8E9 /* LaunchScreen.storyboard */,
			);
			path = Storyboard;
			sourceTree = "<group>";
		};
		3B4791F92206023B00AAF8E9 /* Service */ = {
			isa = PBXGroup;
			children = (
				3B4791EC22058FC800AAF8E9 /* GithubSearchService.swift */,
				3B4791E4220585AC00AAF8E9 /* GetService.swift */,
				3B4791FF2208397200AAF8E9 /* GetUserDetailService.swift */,
			);
			path = Service;
			sourceTree = "<group>";
		};
		3B4791FB220602FE00AAF8E9 /* Resource */ = {
			isa = PBXGroup;
			children = (
				3B4791D722057B7100AAF8E9 /* Assets.xcassets */,
			);
			path = Resource;
			sourceTree = "<group>";
		};
		3B4791FC2206035000AAF8E9 /* View */ = {
			isa = PBXGroup;
			children = (
				3B4791E22205840100AAF8E9 /* GithubUserTVCell.swift */,
			);
			path = View;
			sourceTree = "<group>";
		};
		3B4791FD2206036700AAF8E9 /* Util */ = {
			isa = PBXGroup;
			children = (
				3B4791EE2205FAA300AAF8E9 /* NetworkResult.swift */,
				3B4791F22206000800AAF8E9 /* APIUrl.swift */,
				3B4791F42206004200AAF8E9 /* APIKey.swift */,
				3B4791FE2206036B00AAF8E9 /* Function */,
			);
			path = Util;
			sourceTree = "<group>";
		};
		3B4791FE2206036B00AAF8E9 /* Function */ = {
			isa = PBXGroup;
			children = (
				3B4791EA22058F1B00AAF8E9 /* Extensions.swift */,
				3B56F3BA22159FA900ADFC75 /* CellTypeCast.swift */,
			);
			path = Function;
			sourceTree = "<group>";
		};
		90DB03FA33485D06CD3DAA8E /* Frameworks */ = {
			isa = PBXGroup;
			children = (
				3CD93DB64EC42805DDF94961 /* Pods_GithubSearch.framework */,
			);
			name = Frameworks;
			sourceTree = "<group>";
		};
		BA15E186E98868C62C447868 /* Pods */ = {
			isa = PBXGroup;
			children = (
				CF9335664AF6C8EBCCFC1BC6 /* Pods-GithubSearch.debug.xcconfig */,
				F8D7E7BA419BA3753F7A3900 /* Pods-GithubSearch.release.xcconfig */,
			);
			name = Pods;
			sourceTree = "<group>";
		};
/* End PBXGroup section */

/* Begin PBXNativeTarget section */
		3B4791CC22057B7100AAF8E9 /* GithubSearch */ = {
			isa = PBXNativeTarget;
			buildConfigurationList = 3B4791DF22057B7100AAF8E9 /* Build configuration list for PBXNativeTarget "GithubSearch" */;
			buildPhases = (
				1E3C9769F34E0FB8444E2CA2 /* [CP] Check Pods Manifest.lock */,
				3B4791C922057B7100AAF8E9 /* Sources */,
				3B4791CA22057B7100AAF8E9 /* Frameworks */,
				3B4791CB22057B7100AAF8E9 /* Resources */,
				E7ECDE561B2B3FDFF6D9EEFA /* [CP] Embed Pods Frameworks */,
			);
			buildRules = (
			);
			dependencies = (
			);
			name = GithubSearch;
			productName = GithubSearch;
			productReference = 3B4791CD22057B7100AAF8E9 /* GithubSearch.app */;
			productType = "com.apple.product-type.application";
		};
/* End PBXNativeTarget section */

/* Begin PBXProject section */
		3B4791C522057B7100AAF8E9 /* Project object */ = {
			isa = PBXProject;
			attributes = {
				LastSwiftUpdateCheck = 1010;
				LastUpgradeCheck = 1010;
				ORGANIZATIONNAME = "강수진";
				TargetAttributes = {
					3B4791CC22057B7100AAF8E9 = {
						CreatedOnToolsVersion = 10.1;
					};
				};
			};
			buildConfigurationList = 3B4791C822057B7100AAF8E9 /* Build configuration list for PBXProject "GithubSearch" */;
			compatibilityVersion = "Xcode 9.3";
			developmentRegion = en;
			hasScannedForEncodings = 0;
			knownRegions = (
				en,
				Base,
			);
			mainGroup = 3B4791C422057B7100AAF8E9;
			productRefGroup = 3B4791CE22057B7100AAF8E9 /* Products */;
			projectDirPath = "";
			projectRoot = "";
			targets = (
				3B4791CC22057B7100AAF8E9 /* GithubSearch */,
			);
		};
/* End PBXProject section */

/* Begin PBXResourcesBuildPhase section */
		3B4791CB22057B7100AAF8E9 /* Resources */ = {
			isa = PBXResourcesBuildPhase;
			buildActionMask = 2147483647;
			files = (
				3B4791DB22057B7100AAF8E9 /* LaunchScreen.storyboard in Resources */,
				3B4791D822057B7100AAF8E9 /* Assets.xcassets in Resources */,
				3B4791D622057B7100AAF8E9 /* Main.storyboard in Resources */,
			);
			runOnlyForDeploymentPostprocessing = 0;
		};
/* End PBXResourcesBuildPhase section */

/* Begin PBXShellScriptBuildPhase section */
		1E3C9769F34E0FB8444E2CA2 /* [CP] Check Pods Manifest.lock */ = {
			isa = PBXShellScriptBuildPhase;
			buildActionMask = 2147483647;
			files = (
			);
			inputFileListPaths = (
			);
			inputPaths = (
				"${PODS_PODFILE_DIR_PATH}/Podfile.lock",
				"${PODS_ROOT}/Manifest.lock",
			);
			name = "[CP] Check Pods Manifest.lock";
			outputFileListPaths = (
			);
			outputPaths = (
				"$(DERIVED_FILE_DIR)/Pods-GithubSearch-checkManifestLockResult.txt",
			);
			runOnlyForDeploymentPostprocessing = 0;
			shellPath = /bin/sh;
			shellScript = "diff \"${PODS_PODFILE_DIR_PATH}/Podfile.lock\" \"${PODS_ROOT}/Manifest.lock\" > /dev/null\nif [ $? != 0 ] ; then\n    # print error to STDERR\n    echo \"error: The sandbox is not in sync with the Podfile.lock. Run 'pod install' or update your CocoaPods installation.\" >&2\n    exit 1\nfi\n# This output is used by Xcode 'outputs' to avoid re-running this script phase.\necho \"SUCCESS\" > \"${SCRIPT_OUTPUT_FILE_0}\"\n";
			showEnvVarsInLog = 0;
		};
		E7ECDE561B2B3FDFF6D9EEFA /* [CP] Embed Pods Frameworks */ = {
			isa = PBXShellScriptBuildPhase;
			buildActionMask = 2147483647;
			files = (
			);
			inputFileListPaths = (
			);
			inputPaths = (
				"${SRCROOT}/Pods/Target Support Files/Pods-GithubSearch/Pods-GithubSearch-frameworks.sh",
				"${BUILT_PRODUCTS_DIR}/Alamofire/Alamofire.framework",
				"${BUILT_PRODUCTS_DIR}/Kingfisher/Kingfisher.framework",
				"${BUILT_PRODUCTS_DIR}/SwiftyJSON/SwiftyJSON.framework",
			);
			name = "[CP] Embed Pods Frameworks";
			outputFileListPaths = (
			);
			outputPaths = (
				"${TARGET_BUILD_DIR}/${FRAMEWORKS_FOLDER_PATH}/Alamofire.framework",
				"${TARGET_BUILD_DIR}/${FRAMEWORKS_FOLDER_PATH}/Kingfisher.framework",
				"${TARGET_BUILD_DIR}/${FRAMEWORKS_FOLDER_PATH}/SwiftyJSON.framework",
			);
			runOnlyForDeploymentPostprocessing = 0;
			shellPath = /bin/sh;
			shellScript = "\"${SRCROOT}/Pods/Target Support Files/Pods-GithubSearch/Pods-GithubSearch-frameworks.sh\"\n";
			showEnvVarsInLog = 0;
		};
/* End PBXShellScriptBuildPhase section */

/* Begin PBXSourcesBuildPhase section */
		3B4791C922057B7100AAF8E9 /* Sources */ = {
			isa = PBXSourcesBuildPhase;
			buildActionMask = 2147483647;
			files = (
				3B4792002208397200AAF8E9 /* GetUserDetailService.swift in Sources */,
				3B4791F32206000800AAF8E9 /* APIUrl.swift in Sources */,
				3B4791E5220585AC00AAF8E9 /* GetService.swift in Sources */,
				3B4791E32205840100AAF8E9 /* GithubUserTVCell.swift in Sources */,
				3B4791EF2205FAA300AAF8E9 /* NetworkResult.swift in Sources */,
				3B4791D322057B7100AAF8E9 /* ViewController.swift in Sources */,
				3B4791D122057B7100AAF8E9 /* AppDelegate.swift in Sources */,
				3B4791F52206004200AAF8E9 /* APIKey.swift in Sources */,
				3B4791E92205865700AAF8E9 /* UserSearchVO.swift in Sources */,
				3B4791ED22058FC800AAF8E9 /* GithubSearchService.swift in Sources */,
				3B56F3BB22159FA900ADFC75 /* CellTypeCast.swift in Sources */,
				3B4791EB22058F1B00AAF8E9 /* Extensions.swift in Sources */,
			);
			runOnlyForDeploymentPostprocessing = 0;
		};
/* End PBXSourcesBuildPhase section */

/* Begin PBXVariantGroup section */
		3B4791D422057B7100AAF8E9 /* Main.storyboard */ = {
			isa = PBXVariantGroup;
			children = (
				3B4791D522057B7100AAF8E9 /* Base */,
			);
			name = Main.storyboard;
			sourceTree = "<group>";
		};
		3B4791D922057B7100AAF8E9 /* LaunchScreen.storyboard */ = {
			isa = PBXVariantGroup;
			children = (
				3B4791DA22057B7100AAF8E9 /* Base */,
			);
			name = LaunchScreen.storyboard;
			sourceTree = "<group>";
		};
/* End PBXVariantGroup section */

/* Begin XCBuildConfiguration section */
		3B4791DD22057B7100AAF8E9 /* Debug */ = {
			isa = XCBuildConfiguration;
			buildSettings = {
				ALWAYS_SEARCH_USER_PATHS = NO;
				CLANG_ANALYZER_NONNULL = YES;
				CLANG_ANALYZER_NUMBER_OBJECT_CONVERSION = YES_AGGRESSIVE;
				CLANG_CXX_LANGUAGE_STANDARD = "gnu++14";
				CLANG_CXX_LIBRARY = "libc++";
				CLANG_ENABLE_MODULES = YES;
				CLANG_ENABLE_OBJC_ARC = YES;
				CLANG_ENABLE_OBJC_WEAK = YES;
				CLANG_WARN_BLOCK_CAPTURE_AUTORELEASING = YES;
				CLANG_WARN_BOOL_CONVERSION = YES;
				CLANG_WARN_COMMA = YES;
				CLANG_WARN_CONSTANT_CONVERSION = YES;
				CLANG_WARN_DEPRECATED_OBJC_IMPLEMENTATIONS = YES;
				CLANG_WARN_DIRECT_OBJC_ISA_USAGE = YES_ERROR;
				CLANG_WARN_DOCUMENTATION_COMMENTS = YES;
				CLANG_WARN_EMPTY_BODY = YES;
				CLANG_WARN_ENUM_CONVERSION = YES;
				CLANG_WARN_INFINITE_RECURSION = YES;
				CLANG_WARN_INT_CONVERSION = YES;
				CLANG_WARN_NON_LITERAL_NULL_CONVERSION = YES;
				CLANG_WARN_OBJC_IMPLICIT_RETAIN_SELF = YES;
				CLANG_WARN_OBJC_LITERAL_CONVERSION = YES;
				CLANG_WARN_OBJC_ROOT_CLASS = YES_ERROR;
				CLANG_WARN_RANGE_LOOP_ANALYSIS = YES;
				CLANG_WARN_STRICT_PROTOTYPES = YES;
				CLANG_WARN_SUSPICIOUS_MOVE = YES;
				CLANG_WARN_UNGUARDED_AVAILABILITY = YES_AGGRESSIVE;
				CLANG_WARN_UNREACHABLE_CODE = YES;
				CLANG_WARN__DUPLICATE_METHOD_MATCH = YES;
				CODE_SIGN_IDENTITY = "iPhone Developer";
				COPY_PHASE_STRIP = NO;
				DEBUG_INFORMATION_FORMAT = dwarf;
				ENABLE_STRICT_OBJC_MSGSEND = YES;
				ENABLE_TESTABILITY = YES;
				GCC_C_LANGUAGE_STANDARD = gnu11;
				GCC_DYNAMIC_NO_PIC = NO;
				GCC_NO_COMMON_BLOCKS = YES;
				GCC_OPTIMIZATION_LEVEL = 0;
				GCC_PREPROCESSOR_DEFINITIONS = (
					"DEBUG=1",
					"$(inherited)",
				);
				GCC_WARN_64_TO_32_BIT_CONVERSION = YES;
				GCC_WARN_ABOUT_RETURN_TYPE = YES_ERROR;
				GCC_WARN_UNDECLARED_SELECTOR = YES;
				GCC_WARN_UNINITIALIZED_AUTOS = YES_AGGRESSIVE;
				GCC_WARN_UNUSED_FUNCTION = YES;
				GCC_WARN_UNUSED_VARIABLE = YES;
				IPHONEOS_DEPLOYMENT_TARGET = 12.1;
				MTL_ENABLE_DEBUG_INFO = INCLUDE_SOURCE;
				MTL_FAST_MATH = YES;
				ONLY_ACTIVE_ARCH = YES;
				SDKROOT = iphoneos;
				SWIFT_ACTIVE_COMPILATION_CONDITIONS = DEBUG;
				SWIFT_OPTIMIZATION_LEVEL = "-Onone";
			};
			name = Debug;
		};
		3B4791DE22057B7100AAF8E9 /* Release */ = {
			isa = XCBuildConfiguration;
			buildSettings = {
				ALWAYS_SEARCH_USER_PATHS = NO;
				CLANG_ANALYZER_NONNULL = YES;
				CLANG_ANALYZER_NUMBER_OBJECT_CONVERSION = YES_AGGRESSIVE;
				CLANG_CXX_LANGUAGE_STANDARD = "gnu++14";
				CLANG_CXX_LIBRARY = "libc++";
				CLANG_ENABLE_MODULES = YES;
				CLANG_ENABLE_OBJC_ARC = YES;
				CLANG_ENABLE_OBJC_WEAK = YES;
				CLANG_WARN_BLOCK_CAPTURE_AUTORELEASING = YES;
				CLANG_WARN_BOOL_CONVERSION = YES;
				CLANG_WARN_COMMA = YES;
				CLANG_WARN_CONSTANT_CONVERSION = YES;
				CLANG_WARN_DEPRECATED_OBJC_IMPLEMENTATIONS = YES;
				CLANG_WARN_DIRECT_OBJC_ISA_USAGE = YES_ERROR;
				CLANG_WARN_DOCUMENTATION_COMMENTS = YES;
				CLANG_WARN_EMPTY_BODY = YES;
				CLANG_WARN_ENUM_CONVERSION = YES;
				CLANG_WARN_INFINITE_RECURSION = YES;
				CLANG_WARN_INT_CONVERSION = YES;
				CLANG_WARN_NON_LITERAL_NULL_CONVERSION = YES;
				CLANG_WARN_OBJC_IMPLICIT_RETAIN_SELF = YES;
				CLANG_WARN_OBJC_LITERAL_CONVERSION = YES;
				CLANG_WARN_OBJC_ROOT_CLASS = YES_ERROR;
				CLANG_WARN_RANGE_LOOP_ANALYSIS = YES;
				CLANG_WARN_STRICT_PROTOTYPES = YES;
				CLANG_WARN_SUSPICIOUS_MOVE = YES;
				CLANG_WARN_UNGUARDED_AVAILABILITY = YES_AGGRESSIVE;
				CLANG_WARN_UNREACHABLE_CODE = YES;
				CLANG_WARN__DUPLICATE_METHOD_MATCH = YES;
				CODE_SIGN_IDENTITY = "iPhone Developer";
				COPY_PHASE_STRIP = NO;
				DEBUG_INFORMATION_FORMAT = "dwarf-with-dsym";
				ENABLE_NS_ASSERTIONS = NO;
				ENABLE_STRICT_OBJC_MSGSEND = YES;
				GCC_C_LANGUAGE_STANDARD = gnu11;
				GCC_NO_COMMON_BLOCKS = YES;
				GCC_WARN_64_TO_32_BIT_CONVERSION = YES;
				GCC_WARN_ABOUT_RETURN_TYPE = YES_ERROR;
				GCC_WARN_UNDECLARED_SELECTOR = YES;
				GCC_WARN_UNINITIALIZED_AUTOS = YES_AGGRESSIVE;
				GCC_WARN_UNUSED_FUNCTION = YES;
				GCC_WARN_UNUSED_VARIABLE = YES;
				IPHONEOS_DEPLOYMENT_TARGET = 12.1;
				MTL_ENABLE_DEBUG_INFO = NO;
				MTL_FAST_MATH = YES;
				SDKROOT = iphoneos;
				SWIFT_COMPILATION_MODE = wholemodule;
				SWIFT_OPTIMIZATION_LEVEL = "-O";
				VALIDATE_PRODUCT = YES;
			};
			name = Release;
		};
		3B4791E022057B7100AAF8E9 /* Debug */ = {
			isa = XCBuildConfiguration;
			baseConfigurationReference = CF9335664AF6C8EBCCFC1BC6 /* Pods-GithubSearch.debug.xcconfig */;
			buildSettings = {
				ASSETCATALOG_COMPILER_APPICON_NAME = AppIcon;
				CODE_SIGN_STYLE = Automatic;
				DEVELOPMENT_TEAM = Y4XABUQ539;
				INFOPLIST_FILE = GithubSearch/Info.plist;
				LD_RUNPATH_SEARCH_PATHS = (
					"$(inherited)",
					"@executable_path/Frameworks",
				);
				PRODUCT_BUNDLE_IDENTIFIER = com.sujinnaljin.GithubSearch;
				PRODUCT_NAME = "$(TARGET_NAME)";
				SWIFT_VERSION = 4.2;
				TARGETED_DEVICE_FAMILY = "1,2";
			};
			name = Debug;
		};
		3B4791E122057B7100AAF8E9 /* Release */ = {
			isa = XCBuildConfiguration;
			baseConfigurationReference = F8D7E7BA419BA3753F7A3900 /* Pods-GithubSearch.release.xcconfig */;
			buildSettings = {
				ASSETCATALOG_COMPILER_APPICON_NAME = AppIcon;
				CODE_SIGN_STYLE = Automatic;
				DEVELOPMENT_TEAM = Y4XABUQ539;
				INFOPLIST_FILE = GithubSearch/Info.plist;
				LD_RUNPATH_SEARCH_PATHS = (
					"$(inherited)",
					"@executable_path/Frameworks",
				);
				PRODUCT_BUNDLE_IDENTIFIER = com.sujinnaljin.GithubSearch;
				PRODUCT_NAME = "$(TARGET_NAME)";
				SWIFT_VERSION = 4.2;
				TARGETED_DEVICE_FAMILY = "1,2";
			};
			name = Release;
		};
/* End XCBuildConfiguration section */

/* Begin XCConfigurationList section */
		3B4791C822057B7100AAF8E9 /* Build configuration list for PBXProject "GithubSearch" */ = {
			isa = XCConfigurationList;
			buildConfigurations = (
				3B4791DD22057B7100AAF8E9 /* Debug */,
				3B4791DE22057B7100AAF8E9 /* Release */,
			);
			defaultConfigurationIsVisible = 0;
			defaultConfigurationName = Release;
		};
		3B4791DF22057B7100AAF8E9 /* Build configuration list for PBXNativeTarget "GithubSearch" */ = {
			isa = XCConfigurationList;
			buildConfigurations = (
				3B4791E022057B7100AAF8E9 /* Debug */,
				3B4791E122057B7100AAF8E9 /* Release */,
			);
			defaultConfigurationIsVisible = 0;
			defaultConfigurationName = Release;
		};
/* End XCConfigurationList section */
	};
	rootObject = 3B4791C522057B7100AAF8E9 /* Project object */;
}
